
Microsoft Visual Studio Solution File, Format Version 12.00
# Visual Studio Version 17
VisualStudioVersion = 17.6.33712.159
MinimumVisualStudioVersion = 10.0.40219.1
Project("{FAE04EC0-301F-11D3-BF4B-00C04F79EFBC}") = "TP_Shop", "TP_Shop\TP_Shop.csproj", "{D4978996-AFCB-4AEB-8BE0-173E3D5AAC5C}"
EndProject
Project("{FAE04EC0-301F-11D3-BF4B-00C04F79EFBC}") = "TP_Shop.DataAccess", "TP_Shop.DataAccess\TP_Shop.DataAccess.csproj", "{F7028295-2280-400A-BA81-0EB5E29A0A62}"
EndProject
Global
	GlobalSection(SolutionConfigurationPlatforms) = preSolution
		Debug|Any CPU = Debug|Any CPU
		Release|Any CPU = Release|Any CPU
	EndGlobalSection
	GlobalSection(ProjectConfigurationPlatforms) = postSolution
		{D4978996-AFCB-4AEB-8BE0-173E3D5AAC5C}.Debug|Any CPU.ActiveCfg = Debug|Any CPU
		{D4978996-AFCB-4AEB-8BE0-173E3D5AAC5C}.Debug|Any CPU.Build.0 = Debug|Any CPU
		{D4978996-AFCB-4AEB-8BE0-173E3D5AAC5C}.Release|Any CPU.ActiveCfg = Release|Any CPU
		{D4978996-AFCB-4AEB-8BE0-173E3D5AAC5C}.Release|Any CPU.Build.0 = Release|Any CPU
		{F7028295-2280-400A-BA81-0EB5E29A0A62}.Debug|Any CPU.ActiveCfg = Debug|Any CPU
		{F7028295-2280-400A-BA81-0EB5E29A0A62}.Debug|Any CPU.Build.0 = Debug|Any CPU
		{F7028295-2280-400A-BA81-0EB5E29A0A62}.Release|Any CPU.ActiveCfg = Release|Any CPU
		{F7028295-2280-400A-BA81-0EB5E29A0A62}.Release|Any CPU.Build.0 = Release|Any CPU
	EndGlobalSection
	GlobalSection(SolutionProperties) = preSolution
		HideSolutionNode = FALSE
	EndGlobalSection
	GlobalSection(ExtensibilityGlobals) = postSolution
		SolutionGuid = {08888AAA-DD52-40E2-99E3-8CAF38358F75}
	EndGlobalSection
EndGlobal
